
Microsoft Visual Studio Solution File, Format Version 12.00
# Visual Studio 14
VisualStudioVersion = 14.0.25420.1
MinimumVisualStudioVersion = 10.0.40219.1
Project("{FAE04EC0-301F-11D3-BF4B-00C04F79EFBC}") = "WebApplicationTest", "WebApplicationTest\WebApplicationTest.csproj", "{E1BFB3F8-8ABE-4CC1-A1C0-2EF5A71868F4}"
EndProject
Project("{00D1A9C2-B5F0-4AF3-8072-F6C62B433612}") = "DatabaseProject", "DatabaseProject\DatabaseProject\DatabaseProject.sqlproj", "{113D6516-21B2-4674-A341-36112652BC71}"
EndProject
Global
	GlobalSection(SolutionConfigurationPlatforms) = preSolution
		Debug|Any CPU = Debug|Any CPU
		Release|Any CPU = Release|Any CPU
	EndGlobalSection
	GlobalSection(ProjectConfigurationPlatforms) = postSolution
		{E1BFB3F8-8ABE-4CC1-A1C0-2EF5A71868F4}.Debug|Any CPU.ActiveCfg = Debug|Any CPU
		{E1BFB3F8-8ABE-4CC1-A1C0-2EF5A71868F4}.Debug|Any CPU.Build.0 = Debug|Any CPU
		{E1BFB3F8-8ABE-4CC1-A1C0-2EF5A71868F4}.Release|Any CPU.ActiveCfg = Release|Any CPU
		{E1BFB3F8-8ABE-4CC1-A1C0-2EF5A71868F4}.Release|Any CPU.Build.0 = Release|Any CPU
		{113D6516-21B2-4674-A341-36112652BC71}.Debug|Any CPU.ActiveCfg = Debug|Any CPU
		{113D6516-21B2-4674-A341-36112652BC71}.Debug|Any CPU.Build.0 = Debug|Any CPU
		{113D6516-21B2-4674-A341-36112652BC71}.Debug|Any CPU.Deploy.0 = Debug|Any CPU
		{113D6516-21B2-4674-A341-36112652BC71}.Release|Any CPU.ActiveCfg = Release|Any CPU
		{113D6516-21B2-4674-A341-36112652BC71}.Release|Any CPU.Build.0 = Release|Any CPU
		{113D6516-21B2-4674-A341-36112652BC71}.Release|Any CPU.Deploy.0 = Release|Any CPU
	EndGlobalSection
	GlobalSection(SolutionProperties) = preSolution
		HideSolutionNode = FALSE
	EndGlobalSection
	GlobalSection(TeamFoundationVersionControl) = preSolution
		SccNumberOfProjects = 3
		SccEnterpriseProvider = {4CA58AB2-18FA-4F8D-95D4-32DDF27D184C}
		SccTeamFoundationServer = https://tapasbarma1.visualstudio.com/
		SccLocalPath0 = .
		SccProjectUniqueName1 = WebApplicationTest\\WebApplicationTest.csproj
		SccProjectName1 = WebApplicationTest
		SccLocalPath1 = WebApplicationTest
		SccProjectUniqueName2 = DatabaseProject\\DatabaseProject\\DatabaseProject.sqlproj
		SccProjectName2 = DatabaseProject/DatabaseProject
		SccLocalPath2 = DatabaseProject\\DatabaseProject
	EndGlobalSection
EndGlobal
